
Microsoft Visual Studio Solution File, Format Version 12.00
# Visual Studio Version 16
VisualStudioVersion = 16.0.31702.278
MinimumVisualStudioVersion = 10.0.40219.1
Project("{8BC9CEB8-8B4A-11D0-8D11-00A0C91BC942}") = "test_12_23", "test_12_23\test_12_23.vcxproj", "{FDEA94BA-9FC3-4135-A913-873AFCB80432}"
EndProject
Global
	GlobalSection(SolutionConfigurationPlatforms) = preSolution
		Debug|x64 = Debug|x64
		Debug|x86 = Debug|x86
		Release|x64 = Release|x64
		Release|x86 = Release|x86
	EndGlobalSection
	GlobalSection(ProjectConfigurationPlatforms) = postSolution
		{FDEA94BA-9FC3-4135-A913-873AFCB80432}.Debug|x64.ActiveCfg = Debug|x64
		{FDEA94BA-9FC3-4135-A913-873AFCB80432}.Debug|x64.Build.0 = Debug|x64
		{FDEA94BA-9FC3-4135-A913-873AFCB80432}.Debug|x86.ActiveCfg = Debug|Win32
		{FDEA94BA-9FC3-4135-A913-873AFCB80432}.Debug|x86.Build.0 = Debug|Win32
		{FDEA94BA-9FC3-4135-A913-873AFCB80432}.Release|x64.ActiveCfg = Release|x64
		{FDEA94BA-9FC3-4135-A913-873AFCB80432}.Release|x64.Build.0 = Release|x64
		{FDEA94BA-9FC3-4135-A913-873AFCB80432}.Release|x86.ActiveCfg = Release|Win32
		{FDEA94BA-9FC3-4135-A913-873AFCB80432}.Release|x86.Build.0 = Release|Win32
	EndGlobalSection
	GlobalSection(SolutionProperties) = preSolution
		HideSolutionNode = FALSE
	EndGlobalSection
	GlobalSection(ExtensibilityGlobals) = postSolution
		SolutionGuid = {43E9AFCB-D9A0-4CA7-BA1C-6C103E848790}
	EndGlobalSection
EndGlobal
